
Microsoft Visual Studio Solution File, Format Version 12.00
# Visual Studio Version 16
VisualStudioVersion = 16.0.31129.286
MinimumVisualStudioVersion = 10.0.40219.1
Project("{FAE04EC0-301F-11D3-BF4B-00C04F79EFBC}") = "Random Game", "Random Game.csproj", "{8D78FD10-B054-4BB7-ABC4-AB5863480266}"
EndProject
Global
	GlobalSection(SolutionConfigurationPlatforms) = preSolution
		Debug|Any CPU = Debug|Any CPU
		Release|Any CPU = Release|Any CPU
	EndGlobalSection
	GlobalSection(ProjectConfigurationPlatforms) = postSolution
		{8D78FD10-B054-4BB7-ABC4-AB5863480266}.Debug|Any CPU.ActiveCfg = Debug|Any CPU
		{8D78FD10-B054-4BB7-ABC4-AB5863480266}.Debug|Any CPU.Build.0 = Debug|Any CPU
		{8D78FD10-B054-4BB7-ABC4-AB5863480266}.Release|Any CPU.ActiveCfg = Release|Any CPU
		{8D78FD10-B054-4BB7-ABC4-AB5863480266}.Release|Any CPU.Build.0 = Release|Any CPU
	EndGlobalSection
	GlobalSection(SolutionProperties) = preSolution
		HideSolutionNode = FALSE
	EndGlobalSection
	GlobalSection(ExtensibilityGlobals) = postSolution
		SolutionGuid = {F3AD59A5-6078-4162-A4EF-C37BF45B28D5}
	EndGlobalSection
EndGlobal
